
Microsoft Visual Studio Solution File, Format Version 12.00
# Visual Studio Version 16
VisualStudioVersion = 16.0.29709.97
MinimumVisualStudioVersion = 10.0.40219.1
Project("{9A19103F-16F7-4668-BE54-9A1E7A4F7556}") = "MyBlog.WebApi", "MyBlog.WebApi\MyBlog.WebApi.csproj", "{CA317D81-5548-401E-AFBA-01ED76996900}"
EndProject
Project("{FAE04EC0-301F-11D3-BF4B-00C04F79EFBC}") = "MyBlog.DataAccessLayer", "MyBlog.DataAccessLayer\MyBlog.DataAccessLayer.csproj", "{A47309B8-9491-419B-AACF-FD2F0E101E9C}"
EndProject
Global
	GlobalSection(SolutionConfigurationPlatforms) = preSolution
		Debug|Any CPU = Debug|Any CPU
		Release|Any CPU = Release|Any CPU
	EndGlobalSection
	GlobalSection(ProjectConfigurationPlatforms) = postSolution
		{CA317D81-5548-401E-AFBA-01ED76996900}.Debug|Any CPU.ActiveCfg = Debug|Any CPU
		{CA317D81-5548-401E-AFBA-01ED76996900}.Debug|Any CPU.Build.0 = Debug|Any CPU
		{CA317D81-5548-401E-AFBA-01ED76996900}.Release|Any CPU.ActiveCfg = Release|Any CPU
		{CA317D81-5548-401E-AFBA-01ED76996900}.Release|Any CPU.Build.0 = Release|Any CPU
		{A47309B8-9491-419B-AACF-FD2F0E101E9C}.Debug|Any CPU.ActiveCfg = Debug|Any CPU
		{A47309B8-9491-419B-AACF-FD2F0E101E9C}.Debug|Any CPU.Build.0 = Debug|Any CPU
		{A47309B8-9491-419B-AACF-FD2F0E101E9C}.Release|Any CPU.ActiveCfg = Release|Any CPU
		{A47309B8-9491-419B-AACF-FD2F0E101E9C}.Release|Any CPU.Build.0 = Release|Any CPU
	EndGlobalSection
	GlobalSection(SolutionProperties) = preSolution
		HideSolutionNode = FALSE
	EndGlobalSection
	GlobalSection(ExtensibilityGlobals) = postSolution
		SolutionGuid = {C68D46F2-D744-4382-923E-52865561BA68}
	EndGlobalSection
EndGlobal
